// !$*UTF8*$!
{
	archiveVersion = 1;
	classes = {
	};
	objectVersion = 50;
	objects = {

/* Begin PBXBuildFile section */
		C75FD00E9362D9C4EDB8DFE7 /* Pods_KeyboarderSample.framework in Frameworks */ = {isa = PBXBuildFile; fileRef = 5F69244E0EBBEE29274C31C7 /* Pods_KeyboarderSample.framework */; };
		EF8438DC23D10C3C00B42BDF /* AppDelegate.swift in Sources */ = {isa = PBXBuildFile; fileRef = EF8438DB23D10C3C00B42BDF /* AppDelegate.swift */; };
		EF8438DE23D10C3C00B42BDF /* SceneDelegate.swift in Sources */ = {isa = PBXBuildFile; fileRef = EF8438DD23D10C3C00B42BDF /* SceneDelegate.swift */; };
		EF8438E023D10C3C00B42BDF /* ViewController.swift in Sources */ = {isa = PBXBuildFile; fileRef = EF8438DF23D10C3C00B42BDF /* ViewController.swift */; };
		EF8438E323D10C3C00B42BDF /* Main.storyboard in Resources */ = {isa = PBXBuildFile; fileRef = EF8438E123D10C3C00B42BDF /* Main.storyboard */; };
		EF8438E523D10C3E00B42BDF /* Assets.xcassets in Resources */ = {isa = PBXBuildFile; fileRef = EF8438E423D10C3E00B42BDF /* Assets.xcassets */; };
		EF8438E823D10C3E00B42BDF /* LaunchScreen.storyboard in Resources */ = {isa = PBXBuildFile; fileRef = EF8438E623D10C3E00B42BDF /* LaunchScreen.storyboard */; };
/* End PBXBuildFile section */

/* Begin PBXFileReference section */
		442FB225DCD0871EF66B2399 /* Pods-KeyboarderSample.release.xcconfig */ = {isa = PBXFileReference; includeInIndex = 1; lastKnownFileType = text.xcconfig; name = "Pods-KeyboarderSample.release.xcconfig"; path = "Target Support Files/Pods-KeyboarderSample/Pods-KeyboarderSample.release.xcconfig"; sourceTree = "<group>"; };
		575C72979493BA03617732F1 /* Pods-KeyboarderSample.debug.xcconfig */ = {isa = PBXFileReference; includeInIndex = 1; lastKnownFileType = text.xcconfig; name = "Pods-KeyboarderSample.debug.xcconfig"; path = "Target Support Files/Pods-KeyboarderSample/Pods-KeyboarderSample.debug.xcconfig"; sourceTree = "<group>"; };
		5F69244E0EBBEE29274C31C7 /* Pods_KeyboarderSample.framework */ = {isa = PBXFileReference; explicitFileType = wrapper.framework; includeInIndex = 0; path = Pods_KeyboarderSample.framework; sourceTree = BUILT_PRODUCTS_DIR; };
		EF8438D823D10C3C00B42BDF /* KeyboarderSample.app */ = {isa = PBXFileReference; explicitFileType = wrapper.application; includeInIndex = 0; path = KeyboarderSample.app; sourceTree = BUILT_PRODUCTS_DIR; };
		EF8438DB23D10C3C00B42BDF /* AppDelegate.swift */ = {isa = PBXFileReference; lastKnownFileType = sourcecode.swift; path = AppDelegate.swift; sourceTree = "<group>"; };
		EF8438DD23D10C3C00B42BDF /* SceneDelegate.swift */ = {isa = PBXFileReference; lastKnownFileType = sourcecode.swift; path = SceneDelegate.swift; sourceTree = "<group>"; };
		EF8438DF23D10C3C00B42BDF /* ViewController.swift */ = {isa = PBXFileReference; lastKnownFileType = sourcecode.swift; path = ViewController.swift; sourceTree = "<group>"; };
		EF8438E223D10C3C00B42BDF /* Base */ = {isa = PBXFileReference; lastKnownFileType = file.storyboard; name = Base; path = Base.lproj/Main.storyboard; sourceTree = "<group>"; };
		EF8438E423D10C3E00B42BDF /* Assets.xcassets */ = {isa = PBXFileReference; lastKnownFileType = folder.assetcatalog; path = Assets.xcassets; sourceTree = "<group>"; };
		EF8438E723D10C3E00B42BDF /* Base */ = {isa = PBXFileReference; lastKnownFileType = file.storyboard; name = Base; path = Base.lproj/LaunchScreen.storyboard; sourceTree = "<group>"; };
		EF8438E923D10C3E00B42BDF /* Info.plist */ = {isa = PBXFileReference; lastKnownFileType = text.plist.xml; path = Info.plist; sourceTree = "<group>"; };
/* End PBXFileReference section */

/* Begin PBXFrameworksBuildPhase section */
		EF8438D523D10C3C00B42BDF /* Frameworks */ = {
			isa = PBXFrameworksBuildPhase;
			buildActionMask = 2147483647;
			files = (
				C75FD00E9362D9C4EDB8DFE7 /* Pods_KeyboarderSample.framework in Frameworks */,
			);
			runOnlyForDeploymentPostprocessing = 0;
		};
/* End PBXFrameworksBuildPhase section */

/* Begin PBXGroup section */
		C2519F5F4595858974B8995C /* Pods */ = {
			isa = PBXGroup;
			children = (
				575C72979493BA03617732F1 /* Pods-KeyboarderSample.debug.xcconfig */,
				442FB225DCD0871EF66B2399 /* Pods-KeyboarderSample.release.xcconfig */,
			);
			name = Pods;
			path = Pods;
			sourceTree = "<group>";
		};
		CB766DEC10A9955F9B980B2A /* Frameworks */ = {
			isa = PBXGroup;
			children = (
				5F69244E0EBBEE29274C31C7 /* Pods_KeyboarderSample.framework */,
			);
			name = Frameworks;
			sourceTree = "<group>";
		};
		EF8438CF23D10C3C00B42BDF = {
			isa = PBXGroup;
			children = (
				EF8438DA23D10C3C00B42BDF /* KeyboarderSample */,
				EF8438D923D10C3C00B42BDF /* Products */,
				C2519F5F4595858974B8995C /* Pods */,
				CB766DEC10A9955F9B980B2A /* Frameworks */,
			);
			sourceTree = "<group>";
		};
		EF8438D923D10C3C00B42BDF /* Products */ = {
			isa = PBXGroup;
			children = (
				EF8438D823D10C3C00B42BDF /* KeyboarderSample.app */,
			);
			name = Products;
			sourceTree = "<group>";
		};
		EF8438DA23D10C3C00B42BDF /* KeyboarderSample */ = {
			isa = PBXGroup;
			children = (
				EF8438DB23D10C3C00B42BDF /* AppDelegate.swift */,
				EF8438DD23D10C3C00B42BDF /* SceneDelegate.swift */,
				EF8438DF23D10C3C00B42BDF /* ViewController.swift */,
				EF8438E123D10C3C00B42BDF /* Main.storyboard */,
				EF8438E423D10C3E00B42BDF /* Assets.xcassets */,
				EF8438E623D10C3E00B42BDF /* LaunchScreen.storyboard */,
				EF8438E923D10C3E00B42BDF /* Info.plist */,
			);
			path = KeyboarderSample;
			sourceTree = "<group>";
		};
/* End PBXGroup section */

/* Begin PBXNativeTarget section */
		EF8438D723D10C3C00B42BDF /* KeyboarderSample */ = {
			isa = PBXNativeTarget;
			buildConfigurationList = EF8438EC23D10C3E00B42BDF /* Build configuration list for PBXNativeTarget "KeyboarderSample" */;
			buildPhases = (
				F0D029848D544776FEC4B0A9 /* [CP] Check Pods Manifest.lock */,
				EF8438D423D10C3C00B42BDF /* Sources */,
				EF8438D523D10C3C00B42BDF /* Frameworks */,
				EF8438D623D10C3C00B42BDF /* Resources */,
				5A9C4711B27F1716297ED42F /* [CP] Embed Pods Frameworks */,
			);
			buildRules = (
			);
			dependencies = (
			);
			name = KeyboarderSample;
			productName = KeyboarderSample;
			productReference = EF8438D823D10C3C00B42BDF /* KeyboarderSample.app */;
			productType = "com.apple.product-type.application";
		};
/* End PBXNativeTarget section */

/* Begin PBXProject section */
		EF8438D023D10C3C00B42BDF /* Project object */ = {
			isa = PBXProject;
			attributes = {
				LastSwiftUpdateCheck = 1120;
				LastUpgradeCheck = 1120;
				ORGANIZATIONNAME = "Arash Goodarzi";
				TargetAttributes = {
					EF8438D723D10C3C00B42BDF = {
						CreatedOnToolsVersion = 11.2.1;
					};
				};
			};
			buildConfigurationList = EF8438D323D10C3C00B42BDF /* Build configuration list for PBXProject "KeyboarderSample" */;
			compatibilityVersion = "Xcode 9.3";
			developmentRegion = en;
			hasScannedForEncodings = 0;
			knownRegions = (
				en,
				Base,
			);
			mainGroup = EF8438CF23D10C3C00B42BDF;
			productRefGroup = EF8438D923D10C3C00B42BDF /* Products */;
			projectDirPath = "";
			projectRoot = "";
			targets = (
				EF8438D723D10C3C00B42BDF /* KeyboarderSample */,
			);
		};
/* End PBXProject section */

/* Begin PBXResourcesBuildPhase section */
		EF8438D623D10C3C00B42BDF /* Resources */ = {
			isa = PBXResourcesBuildPhase;
			buildActionMask = 2147483647;
			files = (
				EF8438E823D10C3E00B42BDF /* LaunchScreen.storyboard in Resources */,
				EF8438E523D10C3E00B42BDF /* Assets.xcassets in Resources */,
				EF8438E323D10C3C00B42BDF /* Main.storyboard in Resources */,
			);
			runOnlyForDeploymentPostprocessing = 0;
		};
/* End PBXResourcesBuildPhase section */

/* Begin PBXShellScriptBuildPhase section */
		5A9C4711B27F1716297ED42F /* [CP] Embed Pods Frameworks */ = {
			isa = PBXShellScriptBuildPhase;
			buildActionMask = 2147483647;
			files = (
			);
			inputFileListPaths = (
				"${PODS_ROOT}/Target Support Files/Pods-KeyboarderSample/Pods-KeyboarderSample-frameworks-${CONFIGURATION}-input-files.xcfilelist",
			);
			name = "[CP] Embed Pods Frameworks";
			outputFileListPaths = (
				"${PODS_ROOT}/Target Support Files/Pods-KeyboarderSample/Pods-KeyboarderSample-frameworks-${CONFIGURATION}-output-files.xcfilelist",
			);
			runOnlyForDeploymentPostprocessing = 0;
			shellPath = /bin/sh;
			shellScript = "\"${PODS_ROOT}/Target Support Files/Pods-KeyboarderSample/Pods-KeyboarderSample-frameworks.sh\"\n";
			showEnvVarsInLog = 0;
		};
		F0D029848D544776FEC4B0A9 /* [CP] Check Pods Manifest.lock */ = {
			isa = PBXShellScriptBuildPhase;
			buildActionMask = 2147483647;
			files = (
			);
			inputFileListPaths = (
			);
			inputPaths = (
				"${PODS_PODFILE_DIR_PATH}/Podfile.lock",
				"${PODS_ROOT}/Manifest.lock",
			);
			name = "[CP] Check Pods Manifest.lock";
			outputFileListPaths = (
			);
			outputPaths = (
				"$(DERIVED_FILE_DIR)/Pods-KeyboarderSample-checkManifestLockResult.txt",
			);
			runOnlyForDeploymentPostprocessing = 0;
			shellPath = /bin/sh;
			shellScript = "diff \"${PODS_PODFILE_DIR_PATH}/Podfile.lock\" \"${PODS_ROOT}/Manifest.lock\" > /dev/null\nif [ $? != 0 ] ; then\n    # print error to STDERR\n    echo \"error: The sandbox is not in sync with the Podfile.lock. Run 'pod install' or update your CocoaPods installation.\" >&2\n    exit 1\nfi\n# This output is used by Xcode 'outputs' to avoid re-running this script phase.\necho \"SUCCESS\" > \"${SCRIPT_OUTPUT_FILE_0}\"\n";
			showEnvVarsInLog = 0;
		};
/* End PBXShellScriptBuildPhase section */

/* Begin PBXSourcesBuildPhase section */
		EF8438D423D10C3C00B42BDF /* Sources */ = {
			isa = PBXSourcesBuildPhase;
			buildActionMask = 2147483647;
			files = (
				EF8438E023D10C3C00B42BDF /* ViewController.swift in Sources */,
				EF8438DC23D10C3C00B42BDF /* AppDelegate.swift in Sources */,
				EF8438DE23D10C3C00B42BDF /* SceneDelegate.swift in Sources */,
			);
			runOnlyForDeploymentPostprocessing = 0;
		};
/* End PBXSourcesBuildPhase section */

/* Begin PBXVariantGroup section */
		EF8438E123D10C3C00B42BDF /* Main.storyboard */ = {
			isa = PBXVariantGroup;
			children = (
				EF8438E223D10C3C00B42BDF /* Base */,
			);
			name = Main.storyboard;
			sourceTree = "<group>";
		};
		EF8438E623D10C3E00B42BDF /* LaunchScreen.storyboard */ = {
			isa = PBXVariantGroup;
			children = (
				EF8438E723D10C3E00B42BDF /* Base */,
			);
			name = LaunchScreen.storyboard;
			sourceTree = "<group>";
		};
/* End PBXVariantGroup section */

/* Begin XCBuildConfiguration section */
		EF8438EA23D10C3E00B42BDF /* Debug */ = {
			isa = XCBuildConfiguration;
			buildSettings = {
				ALWAYS_SEARCH_USER_PATHS = NO;
				CLANG_ANALYZER_NONNULL = YES;
				CLANG_ANALYZER_NUMBER_OBJECT_CONVERSION = YES_AGGRESSIVE;
				CLANG_CXX_LANGUAGE_STANDARD = "gnu++14";
				CLANG_CXX_LIBRARY = "libc++";
				CLANG_ENABLE_MODULES = YES;
				CLANG_ENABLE_OBJC_ARC = YES;
				CLANG_ENABLE_OBJC_WEAK = YES;
				CLANG_WARN_BLOCK_CAPTURE_AUTORELEASING = YES;
				CLANG_WARN_BOOL_CONVERSION = YES;
				CLANG_WARN_COMMA = YES;
				CLANG_WARN_CONSTANT_CONVERSION = YES;
				CLANG_WARN_DEPRECATED_OBJC_IMPLEMENTATIONS = YES;
				CLANG_WARN_DIRECT_OBJC_ISA_USAGE = YES_ERROR;
				CLANG_WARN_DOCUMENTATION_COMMENTS = YES;
				CLANG_WARN_EMPTY_BODY = YES;
				CLANG_WARN_ENUM_CONVERSION = YES;
				CLANG_WARN_INFINITE_RECURSION = YES;
				CLANG_WARN_INT_CONVERSION = YES;
				CLANG_WARN_NON_LITERAL_NULL_CONVERSION = YES;
				CLANG_WARN_OBJC_IMPLICIT_RETAIN_SELF = YES;
				CLANG_WARN_OBJC_LITERAL_CONVERSION = YES;
				CLANG_WARN_OBJC_ROOT_CLASS = YES_ERROR;
				CLANG_WARN_RANGE_LOOP_ANALYSIS = YES;
				CLANG_WARN_STRICT_PROTOTYPES = YES;
				CLANG_WARN_SUSPICIOUS_MOVE = YES;
				CLANG_WARN_UNGUARDED_AVAILABILITY = YES_AGGRESSIVE;
				CLANG_WARN_UNREACHABLE_CODE = YES;
				CLANG_WARN__DUPLICATE_METHOD_MATCH = YES;
				COPY_PHASE_STRIP = NO;
				DEBUG_INFORMATION_FORMAT = dwarf;
				ENABLE_STRICT_OBJC_MSGSEND = YES;
				ENABLE_TESTABILITY = YES;
				GCC_C_LANGUAGE_STANDARD = gnu11;
				GCC_DYNAMIC_NO_PIC = NO;
				GCC_NO_COMMON_BLOCKS = YES;
				GCC_OPTIMIZATION_LEVEL = 0;
				GCC_PREPROCESSOR_DEFINITIONS = (
					"DEBUG=1",
					"$(inherited)",
				);
				GCC_WARN_64_TO_32_BIT_CONVERSION = YES;
				GCC_WARN_ABOUT_RETURN_TYPE = YES_ERROR;
				GCC_WARN_UNDECLARED_SELECTOR = YES;
				GCC_WARN_UNINITIALIZED_AUTOS = YES_AGGRESSIVE;
				GCC_WARN_UNUSED_FUNCTION = YES;
				GCC_WARN_UNUSED_VARIABLE = YES;
				IPHONEOS_DEPLOYMENT_TARGET = 13.2;
				MTL_ENABLE_DEBUG_INFO = INCLUDE_SOURCE;
				MTL_FAST_MATH = YES;
				ONLY_ACTIVE_ARCH = YES;
				SDKROOT = iphoneos;
				SWIFT_ACTIVE_COMPILATION_CONDITIONS = DEBUG;
				SWIFT_OPTIMIZATION_LEVEL = "-Onone";
			};
			name = Debug;
		};
		EF8438EB23D10C3E00B42BDF /* Release */ = {
			isa = XCBuildConfiguration;
			buildSettings = {
				ALWAYS_SEARCH_USER_PATHS = NO;
				CLANG_ANALYZER_NONNULL = YES;
				CLANG_ANALYZER_NUMBER_OBJECT_CONVERSION = YES_AGGRESSIVE;
				CLANG_CXX_LANGUAGE_STANDARD = "gnu++14";
				CLANG_CXX_LIBRARY = "libc++";
				CLANG_ENABLE_MODULES = YES;
				CLANG_ENABLE_OBJC_ARC = YES;
				CLANG_ENABLE_OBJC_WEAK = YES;
				CLANG_WARN_BLOCK_CAPTURE_AUTORELEASING = YES;
				CLANG_WARN_BOOL_CONVERSION = YES;
				CLANG_WARN_COMMA = YES;
				CLANG_WARN_CONSTANT_CONVERSION = YES;
				CLANG_WARN_DEPRECATED_OBJC_IMPLEMENTATIONS = YES;
				CLANG_WARN_DIRECT_OBJC_ISA_USAGE = YES_ERROR;
				CLANG_WARN_DOCUMENTATION_COMMENTS = YES;
				CLANG_WARN_EMPTY_BODY = YES;
				CLANG_WARN_ENUM_CONVERSION = YES;
				CLANG_WARN_INFINITE_RECURSION = YES;
				CLANG_WARN_INT_CONVERSION = YES;
				CLANG_WARN_NON_LITERAL_NULL_CONVERSION = YES;
				CLANG_WARN_OBJC_IMPLICIT_RETAIN_SELF = YES;
				CLANG_WARN_OBJC_LITERAL_CONVERSION = YES;
				CLANG_WARN_OBJC_ROOT_CLASS = YES_ERROR;
				CLANG_WARN_RANGE_LOOP_ANALYSIS = YES;
				CLANG_WARN_STRICT_PROTOTYPES = YES;
				CLANG_WARN_SUSPICIOUS_MOVE = YES;
				CLANG_WARN_UNGUARDED_AVAILABILITY = YES_AGGRESSIVE;
				CLANG_WARN_UNREACHABLE_CODE = YES;
				CLANG_WARN__DUPLICATE_METHOD_MATCH = YES;
				COPY_PHASE_STRIP = NO;
				DEBUG_INFORMATION_FORMAT = "dwarf-with-dsym";
				ENABLE_NS_ASSERTIONS = NO;
				ENABLE_STRICT_OBJC_MSGSEND = YES;
				GCC_C_LANGUAGE_STANDARD = gnu11;
				GCC_NO_COMMON_BLOCKS = YES;
				GCC_WARN_64_TO_32_BIT_CONVERSION = YES;
				GCC_WARN_ABOUT_RETURN_TYPE = YES_ERROR;
				GCC_WARN_UNDECLARED_SELECTOR = YES;
				GCC_WARN_UNINITIALIZED_AUTOS = YES_AGGRESSIVE;
				GCC_WARN_UNUSED_FUNCTION = YES;
				GCC_WARN_UNUSED_VARIABLE = YES;
				IPHONEOS_DEPLOYMENT_TARGET = 13.2;
				MTL_ENABLE_DEBUG_INFO = NO;
				MTL_FAST_MATH = YES;
				SDKROOT = iphoneos;
				SWIFT_COMPILATION_MODE = wholemodule;
				SWIFT_OPTIMIZATION_LEVEL = "-O";
				VALIDATE_PRODUCT = YES;
			};
			name = Release;
		};
		EF8438ED23D10C3E00B42BDF /* Debug */ = {
			isa = XCBuildConfiguration;
			baseConfigurationReference = 575C72979493BA03617732F1 /* Pods-KeyboarderSample.debug.xcconfig */;
			buildSettings = {
				ASSETCATALOG_COMPILER_APPICON_NAME = AppIcon;
				CODE_SIGN_STYLE = Automatic;
				DEVELOPMENT_TEAM = 5M548JFK3K;
				INFOPLIST_FILE = KeyboarderSample/Info.plist;
				LD_RUNPATH_SEARCH_PATHS = (
					"$(inherited)",
					"@executable_path/Frameworks",
				);
				PRODUCT_BUNDLE_IDENTIFIER = apptune.KeyboarderSample;
				PRODUCT_NAME = "$(TARGET_NAME)";
				SWIFT_VERSION = 5.0;
				TARGETED_DEVICE_FAMILY = "1,2";
			};
			name = Debug;
		};
		EF8438EE23D10C3E00B42BDF /* Release */ = {
			isa = XCBuildConfiguration;
			baseConfigurationReference = 442FB225DCD0871EF66B2399 /* Pods-KeyboarderSample.release.xcconfig */;
			buildSettings = {
				ASSETCATALOG_COMPILER_APPICON_NAME = AppIcon;
				CODE_SIGN_STYLE = Automatic;
				DEVELOPMENT_TEAM = 5M548JFK3K;
				INFOPLIST_FILE = KeyboarderSample/Info.plist;
				LD_RUNPATH_SEARCH_PATHS = (
					"$(inherited)",
					"@executable_path/Frameworks",
				);
				PRODUCT_BUNDLE_IDENTIFIER = apptune.KeyboarderSample;
				PRODUCT_NAME = "$(TARGET_NAME)";
				SWIFT_VERSION = 5.0;
				TARGETED_DEVICE_FAMILY = "1,2";
			};
			name = Release;
		};
/* End XCBuildConfiguration section */

/* Begin XCConfigurationList section */
		EF8438D323D10C3C00B42BDF /* Build configuration list for PBXProject "KeyboarderSample" */ = {
			isa = XCConfigurationList;
			buildConfigurations = (
				EF8438EA23D10C3E00B42BDF /* Debug */,
				EF8438EB23D10C3E00B42BDF /* Release */,
			);
			defaultConfigurationIsVisible = 0;
			defaultConfigurationName = Release;
		};
		EF8438EC23D10C3E00B42BDF /* Build configuration list for PBXNativeTarget "KeyboarderSample" */ = {
			isa = XCConfigurationList;
			buildConfigurations = (
				EF8438ED23D10C3E00B42BDF /* Debug */,
				EF8438EE23D10C3E00B42BDF /* Release */,
			);
			defaultConfigurationIsVisible = 0;
			defaultConfigurationName = Release;
		};
/* End XCConfigurationList section */
	};
	rootObject = EF8438D023D10C3C00B42BDF /* Project object */;
}
